
Microsoft Visual Studio Solution File, Format Version 12.00
# Visual Studio 14
VisualStudioVersion = 14.0.25420.1
MinimumVisualStudioVersion = 10.0.40219.1
Project("{FAE04EC0-301F-11D3-BF4B-00C04F79EFBC}") = "Log", "Log\Log.csproj", "{A05EA084-E509-4025-9241-6A5BE5C2B328}"
EndProject
Project("{FAE04EC0-301F-11D3-BF4B-00C04F79EFBC}") = "RepBuilder", "Report\RepBuilder\RepBuilder.csproj", "{59393DBD-5EDD-46D0-8157-0C6151621D5E}"
EndProject
Project("{FAE04EC0-301F-11D3-BF4B-00C04F79EFBC}") = "RepExec", "Report\RepExec\RepExec.csproj", "{A37E3F4C-2E35-4183-87B1-0D4F6E5692F9}"
EndProject
Project("{FAE04EC0-301F-11D3-BF4B-00C04F79EFBC}") = "ScadaAdmin", "ScadaAdmin\ScadaAdmin\ScadaAdmin.csproj", "{28E34F89-F42C-40AC-9A42-D58A6B0CF50C}"
EndProject
Project("{FAE04EC0-301F-11D3-BF4B-00C04F79EFBC}") = "KP", "ScadaComm\KP\KP.csproj", "{A33B8EC4-8F3E-453B-AA6B-5352CA1FE036}"
EndProject
Project("{FAE04EC0-301F-11D3-BF4B-00C04F79EFBC}") = "KpModbus", "ScadaComm\OpenKPs\KpModbus\KpModbus.csproj", "{7CBF4A4B-E1A2-428E-8F68-EDD2FCE3088B}"
EndProject
Project("{FAE04EC0-301F-11D3-BF4B-00C04F79EFBC}") = "KpSms", "ScadaComm\OpenKPs\KpSms\KpSms.csproj", "{54BEF6C5-B63D-41E3-A123-03F1802A44F7}"
EndProject
Project("{FAE04EC0-301F-11D3-BF4B-00C04F79EFBC}") = "KpTest", "ScadaComm\OpenKPs\KpTest\KpTest.csproj", "{D0AD784B-587D-4CD1-AF7F-7473A4FF7060}"
EndProject
Project("{FAE04EC0-301F-11D3-BF4B-00C04F79EFBC}") = "ScadaCommCtrl", "ScadaComm\ScadaCommCtrl\ScadaCommCtrl.csproj", "{6B729F44-5178-471D-B636-D9FD8D049D4B}"
EndProject
Project("{FAE04EC0-301F-11D3-BF4B-00C04F79EFBC}") = "ScadaCommSvc", "ScadaComm\ScadaCommSvc\ScadaCommSvc.csproj", "{004F8580-2350-4137-872E-8B0BE6D9FE40}"
EndProject
Project("{FAE04EC0-301F-11D3-BF4B-00C04F79EFBC}") = "ScadaData", "ScadaData\ScadaData\ScadaData.csproj", "{C5DC293F-13CA-435F-A7DB-4BA91639C292}"
EndProject
Project("{FAE04EC0-301F-11D3-BF4B-00C04F79EFBC}") = "ScadaDataTest", "ScadaData\ScadaDataTest\ScadaDataTest.csproj", "{31415B61-53C3-4746-B586-CFD7FC16CED2}"
EndProject
Project("{FAE04EC0-301F-11D3-BF4B-00C04F79EFBC}") = "ScadaSchemeCommon", "ScadaScheme\ScadaSchemeCommon\ScadaSchemeCommon.csproj", "{56DBE5B3-1954-46D6-8B33-974E5FA20704}"
EndProject
Project("{FAE04EC0-301F-11D3-BF4B-00C04F79EFBC}") = "ScadaSchemeEditor", "ScadaScheme\ScadaSchemeEditor\ScadaSchemeEditor.csproj", "{1B9AFBEC-4CA9-46C8-A133-7201B3ACE180}"
EndProject
Project("{FAE04EC0-301F-11D3-BF4B-00C04F79EFBC}") = "ScadaSchemeWeb", "ScadaScheme\ScadaSchemeWeb\ScadaSchemeWeb.csproj", "{D0BFAEE3-A3A1-4E7B-9F2B-7275AF82EA13}"
EndProject
Project("{FAE04EC0-301F-11D3-BF4B-00C04F79EFBC}") = "ScadaServerCommon", "ScadaServer\ScadaServerCommon\ScadaServerCommon.csproj", "{3CA67403-5B85-489A-B7B4-81D682B23146}"
EndProject
Project("{FAE04EC0-301F-11D3-BF4B-00C04F79EFBC}") = "ScadaServerCtrl", "ScadaServer\ScadaServerCtrl\ScadaServerCtrl.csproj", "{494CFDD5-92FB-4A83-B4F7-C5B04D681726}"
EndProject
Project("{FAE04EC0-301F-11D3-BF4B-00C04F79EFBC}") = "ScadaServerSvc", "ScadaServer\ScadaServerSvc\ScadaServerSvc.csproj", "{D876BF85-C99B-4C16-A053-8877C84E7E02}"
EndProject
Project("{FAE04EC0-301F-11D3-BF4B-00C04F79EFBC}") = "ModTest", "ScadaServer\OpenModules\ModTest\ModTest.csproj", "{1D0EF7CF-B70B-4544-A11B-EAE4F6DCFF7F}"
EndProject
Project("{FAE04EC0-301F-11D3-BF4B-00C04F79EFBC}") = "ScadaTableEditor", "ScadaWeb\ScadaTableEditor\ScadaTableEditor.csproj", "{41C04942-ADF1-42DF-82EF-AD7810721183}"
EndProject
Project("{FAE04EC0-301F-11D3-BF4B-00C04F79EFBC}") = "ScadaWeb", "ScadaWeb\ScadaWeb\ScadaWeb.csproj", "{E02ABCDA-33FB-4EE3-9E47-7C333AB5035B}"
EndProject
Project("{FAE04EC0-301F-11D3-BF4B-00C04F79EFBC}") = "ScadaWebCommon", "ScadaWeb\ScadaWebCommon\ScadaWebCommon.csproj", "{A4135BB4-04BC-4EB7-8346-80E9FBEF0EB2}"
EndProject
Project("{FAE04EC0-301F-11D3-BF4B-00C04F79EFBC}") = "ScadaWebConfig", "ScadaWeb\ScadaWebConfig\ScadaWebConfig.csproj", "{6CA05C15-A7D4-4140-AA3B-46AD6DC58A4A}"
EndProject
Project("{FAE04EC0-301F-11D3-BF4B-00C04F79EFBC}") = "WebPageSample", "ScadaWeb\WebPageSample\WebPageSample.csproj", "{DC73DB09-68AB-4114-ABA5-05CADA4536D6}"
EndProject
Global
	GlobalSection(SolutionConfigurationPlatforms) = preSolution
		Debug|Any CPU = Debug|Any CPU
		Debug|x86 = Debug|x86
		Release|Any CPU = Release|Any CPU
		Release|x86 = Release|x86
		ReleaseEn|Any CPU = ReleaseEn|Any CPU
		ReleaseEn|x86 = ReleaseEn|x86
	EndGlobalSection
	GlobalSection(ProjectConfigurationPlatforms) = postSolution
		{A05EA084-E509-4025-9241-6A5BE5C2B328}.Debug|Any CPU.ActiveCfg = Debug|Any CPU
		{A05EA084-E509-4025-9241-6A5BE5C2B328}.Debug|Any CPU.Build.0 = Debug|Any CPU
		{A05EA084-E509-4025-9241-6A5BE5C2B328}.Debug|x86.ActiveCfg = Debug|Any CPU
		{A05EA084-E509-4025-9241-6A5BE5C2B328}.Debug|x86.Build.0 = Debug|Any CPU
		{A05EA084-E509-4025-9241-6A5BE5C2B328}.Release|Any CPU.ActiveCfg = Release|Any CPU
		{A05EA084-E509-4025-9241-6A5BE5C2B328}.Release|Any CPU.Build.0 = Release|Any CPU
		{A05EA084-E509-4025-9241-6A5BE5C2B328}.Release|x86.ActiveCfg = Release|Any CPU
		{A05EA084-E509-4025-9241-6A5BE5C2B328}.Release|x86.Build.0 = Release|Any CPU
		{A05EA084-E509-4025-9241-6A5BE5C2B328}.ReleaseEn|Any CPU.ActiveCfg = Release|Any CPU
		{A05EA084-E509-4025-9241-6A5BE5C2B328}.ReleaseEn|Any CPU.Build.0 = Release|Any CPU
		{A05EA084-E509-4025-9241-6A5BE5C2B328}.ReleaseEn|x86.ActiveCfg = Release|Any CPU
		{A05EA084-E509-4025-9241-6A5BE5C2B328}.ReleaseEn|x86.Build.0 = Release|Any CPU
		{59393DBD-5EDD-46D0-8157-0C6151621D5E}.Debug|Any CPU.ActiveCfg = Debug|Any CPU
		{59393DBD-5EDD-46D0-8157-0C6151621D5E}.Debug|Any CPU.Build.0 = Debug|Any CPU
		{59393DBD-5EDD-46D0-8157-0C6151621D5E}.Debug|x86.ActiveCfg = Debug|Any CPU
		{59393DBD-5EDD-46D0-8157-0C6151621D5E}.Debug|x86.Build.0 = Debug|Any CPU
		{59393DBD-5EDD-46D0-8157-0C6151621D5E}.Release|Any CPU.ActiveCfg = Release|Any CPU
		{59393DBD-5EDD-46D0-8157-0C6151621D5E}.Release|Any CPU.Build.0 = Release|Any CPU
		{59393DBD-5EDD-46D0-8157-0C6151621D5E}.Release|x86.ActiveCfg = Release|Any CPU
		{59393DBD-5EDD-46D0-8157-0C6151621D5E}.Release|x86.Build.0 = Release|Any CPU
		{59393DBD-5EDD-46D0-8157-0C6151621D5E}.ReleaseEn|Any CPU.ActiveCfg = Release|Any CPU
		{59393DBD-5EDD-46D0-8157-0C6151621D5E}.ReleaseEn|Any CPU.Build.0 = Release|Any CPU
		{59393DBD-5EDD-46D0-8157-0C6151621D5E}.ReleaseEn|x86.ActiveCfg = Release|Any CPU
		{59393DBD-5EDD-46D0-8157-0C6151621D5E}.ReleaseEn|x86.Build.0 = Release|Any CPU
		{A37E3F4C-2E35-4183-87B1-0D4F6E5692F9}.Debug|Any CPU.ActiveCfg = Debug|Any CPU
		{A37E3F4C-2E35-4183-87B1-0D4F6E5692F9}.Debug|Any CPU.Build.0 = Debug|Any CPU
		{A37E3F4C-2E35-4183-87B1-0D4F6E5692F9}.Debug|x86.ActiveCfg = Debug|Any CPU
		{A37E3F4C-2E35-4183-87B1-0D4F6E5692F9}.Debug|x86.Build.0 = Debug|Any CPU
		{A37E3F4C-2E35-4183-87B1-0D4F6E5692F9}.Release|Any CPU.ActiveCfg = Release|Any CPU
		{A37E3F4C-2E35-4183-87B1-0D4F6E5692F9}.Release|Any CPU.Build.0 = Release|Any CPU
		{A37E3F4C-2E35-4183-87B1-0D4F6E5692F9}.Release|x86.ActiveCfg = Release|Any CPU
		{A37E3F4C-2E35-4183-87B1-0D4F6E5692F9}.Release|x86.Build.0 = Release|Any CPU
		{A37E3F4C-2E35-4183-87B1-0D4F6E5692F9}.ReleaseEn|Any CPU.ActiveCfg = Release|Any CPU
		{A37E3F4C-2E35-4183-87B1-0D4F6E5692F9}.ReleaseEn|Any CPU.Build.0 = Release|Any CPU
		{A37E3F4C-2E35-4183-87B1-0D4F6E5692F9}.ReleaseEn|x86.ActiveCfg = Release|Any CPU
		{A37E3F4C-2E35-4183-87B1-0D4F6E5692F9}.ReleaseEn|x86.Build.0 = Release|Any CPU
		{28E34F89-F42C-40AC-9A42-D58A6B0CF50C}.Debug|Any CPU.ActiveCfg = Debug|Any CPU
		{28E34F89-F42C-40AC-9A42-D58A6B0CF50C}.Debug|Any CPU.Build.0 = Debug|Any CPU
		{28E34F89-F42C-40AC-9A42-D58A6B0CF50C}.Debug|x86.ActiveCfg = Debug|x86
		{28E34F89-F42C-40AC-9A42-D58A6B0CF50C}.Debug|x86.Build.0 = Debug|x86
		{28E34F89-F42C-40AC-9A42-D58A6B0CF50C}.Release|Any CPU.ActiveCfg = Release|Any CPU
		{28E34F89-F42C-40AC-9A42-D58A6B0CF50C}.Release|Any CPU.Build.0 = Release|Any CPU
		{28E34F89-F42C-40AC-9A42-D58A6B0CF50C}.Release|x86.ActiveCfg = Release|x86
		{28E34F89-F42C-40AC-9A42-D58A6B0CF50C}.Release|x86.Build.0 = Release|x86
		{28E34F89-F42C-40AC-9A42-D58A6B0CF50C}.ReleaseEn|Any CPU.ActiveCfg = Release|Any CPU
		{28E34F89-F42C-40AC-9A42-D58A6B0CF50C}.ReleaseEn|Any CPU.Build.0 = Release|Any CPU
		{28E34F89-F42C-40AC-9A42-D58A6B0CF50C}.ReleaseEn|x86.ActiveCfg = Release|x86
		{28E34F89-F42C-40AC-9A42-D58A6B0CF50C}.ReleaseEn|x86.Build.0 = Release|x86
		{A33B8EC4-8F3E-453B-AA6B-5352CA1FE036}.Debug|Any CPU.ActiveCfg = Debug|Any CPU
		{A33B8EC4-8F3E-453B-AA6B-5352CA1FE036}.Debug|Any CPU.Build.0 = Debug|Any CPU
		{A33B8EC4-8F3E-453B-AA6B-5352CA1FE036}.Debug|x86.ActiveCfg = Debug|Any CPU
		{A33B8EC4-8F3E-453B-AA6B-5352CA1FE036}.Debug|x86.Build.0 = Debug|Any CPU
		{A33B8EC4-8F3E-453B-AA6B-5352CA1FE036}.Release|Any CPU.ActiveCfg = Release|Any CPU
		{A33B8EC4-8F3E-453B-AA6B-5352CA1FE036}.Release|Any CPU.Build.0 = Release|Any CPU
		{A33B8EC4-8F3E-453B-AA6B-5352CA1FE036}.Release|x86.ActiveCfg = Release|Any CPU
		{A33B8EC4-8F3E-453B-AA6B-5352CA1FE036}.Release|x86.Build.0 = Release|Any CPU
		{A33B8EC4-8F3E-453B-AA6B-5352CA1FE036}.ReleaseEn|Any CPU.ActiveCfg = Release|Any CPU
		{A33B8EC4-8F3E-453B-AA6B-5352CA1FE036}.ReleaseEn|Any CPU.Build.0 = Release|Any CPU
		{A33B8EC4-8F3E-453B-AA6B-5352CA1FE036}.ReleaseEn|x86.ActiveCfg = Release|Any CPU
		{A33B8EC4-8F3E-453B-AA6B-5352CA1FE036}.ReleaseEn|x86.Build.0 = Release|Any CPU
		{7CBF4A4B-E1A2-428E-8F68-EDD2FCE3088B}.Debug|Any CPU.ActiveCfg = Debug|Any CPU
		{7CBF4A4B-E1A2-428E-8F68-EDD2FCE3088B}.Debug|Any CPU.Build.0 = Debug|Any CPU
		{7CBF4A4B-E1A2-428E-8F68-EDD2FCE3088B}.Debug|x86.ActiveCfg = Debug|Any CPU
		{7CBF4A4B-E1A2-428E-8F68-EDD2FCE3088B}.Debug|x86.Build.0 = Debug|Any CPU
		{7CBF4A4B-E1A2-428E-8F68-EDD2FCE3088B}.Release|Any CPU.ActiveCfg = Release|Any CPU
		{7CBF4A4B-E1A2-428E-8F68-EDD2FCE3088B}.Release|Any CPU.Build.0 = Release|Any CPU
		{7CBF4A4B-E1A2-428E-8F68-EDD2FCE3088B}.Release|x86.ActiveCfg = Release|Any CPU
		{7CBF4A4B-E1A2-428E-8F68-EDD2FCE3088B}.Release|x86.Build.0 = Release|Any CPU
		{7CBF4A4B-E1A2-428E-8F68-EDD2FCE3088B}.ReleaseEn|Any CPU.ActiveCfg = Release|Any CPU
		{7CBF4A4B-E1A2-428E-8F68-EDD2FCE3088B}.ReleaseEn|Any CPU.Build.0 = Release|Any CPU
		{7CBF4A4B-E1A2-428E-8F68-EDD2FCE3088B}.ReleaseEn|x86.ActiveCfg = Release|Any CPU
		{7CBF4A4B-E1A2-428E-8F68-EDD2FCE3088B}.ReleaseEn|x86.Build.0 = Release|Any CPU
		{54BEF6C5-B63D-41E3-A123-03F1802A44F7}.Debug|Any CPU.ActiveCfg = Debug|Any CPU
		{54BEF6C5-B63D-41E3-A123-03F1802A44F7}.Debug|Any CPU.Build.0 = Debug|Any CPU
		{54BEF6C5-B63D-41E3-A123-03F1802A44F7}.Debug|x86.ActiveCfg = Debug|Any CPU
		{54BEF6C5-B63D-41E3-A123-03F1802A44F7}.Debug|x86.Build.0 = Debug|Any CPU
		{54BEF6C5-B63D-41E3-A123-03F1802A44F7}.Release|Any CPU.ActiveCfg = Release|Any CPU
		{54BEF6C5-B63D-41E3-A123-03F1802A44F7}.Release|Any CPU.Build.0 = Release|Any CPU
		{54BEF6C5-B63D-41E3-A123-03F1802A44F7}.Release|x86.ActiveCfg = Release|Any CPU
		{54BEF6C5-B63D-41E3-A123-03F1802A44F7}.Release|x86.Build.0 = Release|Any CPU
		{54BEF6C5-B63D-41E3-A123-03F1802A44F7}.ReleaseEn|Any CPU.ActiveCfg = Release|Any CPU
		{54BEF6C5-B63D-41E3-A123-03F1802A44F7}.ReleaseEn|Any CPU.Build.0 = Release|Any CPU
		{54BEF6C5-B63D-41E3-A123-03F1802A44F7}.ReleaseEn|x86.ActiveCfg = Release|Any CPU
		{54BEF6C5-B63D-41E3-A123-03F1802A44F7}.ReleaseEn|x86.Build.0 = Release|Any CPU
		{D0AD784B-587D-4CD1-AF7F-7473A4FF7060}.Debug|Any CPU.ActiveCfg = Debug|Any CPU
		{D0AD784B-587D-4CD1-AF7F-7473A4FF7060}.Debug|Any CPU.Build.0 = Debug|Any CPU
		{D0AD784B-587D-4CD1-AF7F-7473A4FF7060}.Debug|x86.ActiveCfg = Debug|Any CPU
		{D0AD784B-587D-4CD1-AF7F-7473A4FF7060}.Debug|x86.Build.0 = Debug|Any CPU
		{D0AD784B-587D-4CD1-AF7F-7473A4FF7060}.Release|Any CPU.ActiveCfg = Release|Any CPU
		{D0AD784B-587D-4CD1-AF7F-7473A4FF7060}.Release|Any CPU.Build.0 = Release|Any CPU
		{D0AD784B-587D-4CD1-AF7F-7473A4FF7060}.Release|x86.ActiveCfg = Release|Any CPU
		{D0AD784B-587D-4CD1-AF7F-7473A4FF7060}.Release|x86.Build.0 = Release|Any CPU
		{D0AD784B-587D-4CD1-AF7F-7473A4FF7060}.ReleaseEn|Any CPU.ActiveCfg = Release|Any CPU
		{D0AD784B-587D-4CD1-AF7F-7473A4FF7060}.ReleaseEn|Any CPU.Build.0 = Release|Any CPU
		{D0AD784B-587D-4CD1-AF7F-7473A4FF7060}.ReleaseEn|x86.ActiveCfg = Release|Any CPU
		{D0AD784B-587D-4CD1-AF7F-7473A4FF7060}.ReleaseEn|x86.Build.0 = Release|Any CPU
		{6B729F44-5178-471D-B636-D9FD8D049D4B}.Debug|Any CPU.ActiveCfg = Debug|Any CPU
		{6B729F44-5178-471D-B636-D9FD8D049D4B}.Debug|Any CPU.Build.0 = Debug|Any CPU
		{6B729F44-5178-471D-B636-D9FD8D049D4B}.Debug|x86.ActiveCfg = Debug|Any CPU
		{6B729F44-5178-471D-B636-D9FD8D049D4B}.Debug|x86.Build.0 = Debug|Any CPU
		{6B729F44-5178-471D-B636-D9FD8D049D4B}.Release|Any CPU.ActiveCfg = Release|Any CPU
		{6B729F44-5178-471D-B636-D9FD8D049D4B}.Release|Any CPU.Build.0 = Release|Any CPU
		{6B729F44-5178-471D-B636-D9FD8D049D4B}.Release|x86.ActiveCfg = Release|Any CPU
		{6B729F44-5178-471D-B636-D9FD8D049D4B}.Release|x86.Build.0 = Release|Any CPU
		{6B729F44-5178-471D-B636-D9FD8D049D4B}.ReleaseEn|Any CPU.ActiveCfg = Release|Any CPU
		{6B729F44-5178-471D-B636-D9FD8D049D4B}.ReleaseEn|Any CPU.Build.0 = Release|Any CPU
		{6B729F44-5178-471D-B636-D9FD8D049D4B}.ReleaseEn|x86.ActiveCfg = Release|Any CPU
		{6B729F44-5178-471D-B636-D9FD8D049D4B}.ReleaseEn|x86.Build.0 = Release|Any CPU
		{004F8580-2350-4137-872E-8B0BE6D9FE40}.Debug|Any CPU.ActiveCfg = Debug|Any CPU
		{004F8580-2350-4137-872E-8B0BE6D9FE40}.Debug|Any CPU.Build.0 = Debug|Any CPU
		{004F8580-2350-4137-872E-8B0BE6D9FE40}.Debug|x86.ActiveCfg = Debug|Any CPU
		{004F8580-2350-4137-872E-8B0BE6D9FE40}.Debug|x86.Build.0 = Debug|Any CPU
		{004F8580-2350-4137-872E-8B0BE6D9FE40}.Release|Any CPU.ActiveCfg = Release|Any CPU
		{004F8580-2350-4137-872E-8B0BE6D9FE40}.Release|Any CPU.Build.0 = Release|Any CPU
		{004F8580-2350-4137-872E-8B0BE6D9FE40}.Release|x86.ActiveCfg = Release|Any CPU
		{004F8580-2350-4137-872E-8B0BE6D9FE40}.Release|x86.Build.0 = Release|Any CPU
		{004F8580-2350-4137-872E-8B0BE6D9FE40}.ReleaseEn|Any CPU.ActiveCfg = Release|Any CPU
		{004F8580-2350-4137-872E-8B0BE6D9FE40}.ReleaseEn|Any CPU.Build.0 = Release|Any CPU
		{004F8580-2350-4137-872E-8B0BE6D9FE40}.ReleaseEn|x86.ActiveCfg = Release|Any CPU
		{004F8580-2350-4137-872E-8B0BE6D9FE40}.ReleaseEn|x86.Build.0 = Release|Any CPU
		{C5DC293F-13CA-435F-A7DB-4BA91639C292}.Debug|Any CPU.ActiveCfg = Debug|Any CPU
		{C5DC293F-13CA-435F-A7DB-4BA91639C292}.Debug|Any CPU.Build.0 = Debug|Any CPU
		{C5DC293F-13CA-435F-A7DB-4BA91639C292}.Debug|x86.ActiveCfg = Debug|Any CPU
		{C5DC293F-13CA-435F-A7DB-4BA91639C292}.Debug|x86.Build.0 = Debug|Any CPU
		{C5DC293F-13CA-435F-A7DB-4BA91639C292}.Release|Any CPU.ActiveCfg = Release|Any CPU
		{C5DC293F-13CA-435F-A7DB-4BA91639C292}.Release|Any CPU.Build.0 = Release|Any CPU
		{C5DC293F-13CA-435F-A7DB-4BA91639C292}.Release|x86.ActiveCfg = Release|Any CPU
		{C5DC293F-13CA-435F-A7DB-4BA91639C292}.Release|x86.Build.0 = Release|Any CPU
		{C5DC293F-13CA-435F-A7DB-4BA91639C292}.ReleaseEn|Any CPU.ActiveCfg = Release|Any CPU
		{C5DC293F-13CA-435F-A7DB-4BA91639C292}.ReleaseEn|Any CPU.Build.0 = Release|Any CPU
		{C5DC293F-13CA-435F-A7DB-4BA91639C292}.ReleaseEn|x86.ActiveCfg = Release|Any CPU
		{C5DC293F-13CA-435F-A7DB-4BA91639C292}.ReleaseEn|x86.Build.0 = Release|Any CPU
		{31415B61-53C3-4746-B586-CFD7FC16CED2}.Debug|Any CPU.ActiveCfg = Debug|Any CPU
		{31415B61-53C3-4746-B586-CFD7FC16CED2}.Debug|Any CPU.Build.0 = Debug|Any CPU
		{31415B61-53C3-4746-B586-CFD7FC16CED2}.Debug|x86.ActiveCfg = Debug|Any CPU
		{31415B61-53C3-4746-B586-CFD7FC16CED2}.Debug|x86.Build.0 = Debug|Any CPU
		{31415B61-53C3-4746-B586-CFD7FC16CED2}.Release|Any CPU.ActiveCfg = Release|Any CPU
		{31415B61-53C3-4746-B586-CFD7FC16CED2}.Release|Any CPU.Build.0 = Release|Any CPU
		{31415B61-53C3-4746-B586-CFD7FC16CED2}.Release|x86.ActiveCfg = Release|Any CPU
		{31415B61-53C3-4746-B586-CFD7FC16CED2}.Release|x86.Build.0 = Release|Any CPU
		{31415B61-53C3-4746-B586-CFD7FC16CED2}.ReleaseEn|Any CPU.ActiveCfg = Release|Any CPU
		{31415B61-53C3-4746-B586-CFD7FC16CED2}.ReleaseEn|Any CPU.Build.0 = Release|Any CPU
		{31415B61-53C3-4746-B586-CFD7FC16CED2}.ReleaseEn|x86.ActiveCfg = Release|Any CPU
		{31415B61-53C3-4746-B586-CFD7FC16CED2}.ReleaseEn|x86.Build.0 = Release|Any CPU
		{56DBE5B3-1954-46D6-8B33-974E5FA20704}.Debug|Any CPU.ActiveCfg = Debug|Any CPU
		{56DBE5B3-1954-46D6-8B33-974E5FA20704}.Debug|Any CPU.Build.0 = Debug|Any CPU
		{56DBE5B3-1954-46D6-8B33-974E5FA20704}.Debug|x86.ActiveCfg = Debug|Any CPU
		{56DBE5B3-1954-46D6-8B33-974E5FA20704}.Debug|x86.Build.0 = Debug|Any CPU
		{56DBE5B3-1954-46D6-8B33-974E5FA20704}.Release|Any CPU.ActiveCfg = Release|Any CPU
		{56DBE5B3-1954-46D6-8B33-974E5FA20704}.Release|Any CPU.Build.0 = Release|Any CPU
		{56DBE5B3-1954-46D6-8B33-974E5FA20704}.Release|x86.ActiveCfg = Release|Any CPU
		{56DBE5B3-1954-46D6-8B33-974E5FA20704}.Release|x86.Build.0 = Release|Any CPU
		{56DBE5B3-1954-46D6-8B33-974E5FA20704}.ReleaseEn|Any CPU.ActiveCfg = ReleaseEn|Any CPU
		{56DBE5B3-1954-46D6-8B33-974E5FA20704}.ReleaseEn|Any CPU.Build.0 = ReleaseEn|Any CPU
		{56DBE5B3-1954-46D6-8B33-974E5FA20704}.ReleaseEn|x86.ActiveCfg = ReleaseEn|Any CPU
		{56DBE5B3-1954-46D6-8B33-974E5FA20704}.ReleaseEn|x86.Build.0 = ReleaseEn|Any CPU
		{1B9AFBEC-4CA9-46C8-A133-7201B3ACE180}.Debug|Any CPU.ActiveCfg = Debug|Any CPU
		{1B9AFBEC-4CA9-46C8-A133-7201B3ACE180}.Debug|Any CPU.Build.0 = Debug|Any CPU
		{1B9AFBEC-4CA9-46C8-A133-7201B3ACE180}.Debug|x86.ActiveCfg = Debug|x86
		{1B9AFBEC-4CA9-46C8-A133-7201B3ACE180}.Debug|x86.Build.0 = Debug|x86
		{1B9AFBEC-4CA9-46C8-A133-7201B3ACE180}.Release|Any CPU.ActiveCfg = Release|Any CPU
		{1B9AFBEC-4CA9-46C8-A133-7201B3ACE180}.Release|Any CPU.Build.0 = Release|Any CPU
		{1B9AFBEC-4CA9-46C8-A133-7201B3ACE180}.Release|x86.ActiveCfg = Release|x86
		{1B9AFBEC-4CA9-46C8-A133-7201B3ACE180}.Release|x86.Build.0 = Release|x86
		{1B9AFBEC-4CA9-46C8-A133-7201B3ACE180}.ReleaseEn|Any CPU.ActiveCfg = Release|Any CPU
		{1B9AFBEC-4CA9-46C8-A133-7201B3ACE180}.ReleaseEn|Any CPU.Build.0 = Release|Any CPU
		{1B9AFBEC-4CA9-46C8-A133-7201B3ACE180}.ReleaseEn|x86.ActiveCfg = Release|x86
		{1B9AFBEC-4CA9-46C8-A133-7201B3ACE180}.ReleaseEn|x86.Build.0 = Release|x86
		{D0BFAEE3-A3A1-4E7B-9F2B-7275AF82EA13}.Debug|Any CPU.ActiveCfg = Debug|Any CPU
		{D0BFAEE3-A3A1-4E7B-9F2B-7275AF82EA13}.Debug|Any CPU.Build.0 = Debug|Any CPU
		{D0BFAEE3-A3A1-4E7B-9F2B-7275AF82EA13}.Debug|x86.ActiveCfg = Debug|Any CPU
		{D0BFAEE3-A3A1-4E7B-9F2B-7275AF82EA13}.Debug|x86.Build.0 = Debug|Any CPU
		{D0BFAEE3-A3A1-4E7B-9F2B-7275AF82EA13}.Release|Any CPU.ActiveCfg = Release|Any CPU
		{D0BFAEE3-A3A1-4E7B-9F2B-7275AF82EA13}.Release|Any CPU.Build.0 = Release|Any CPU
		{D0BFAEE3-A3A1-4E7B-9F2B-7275AF82EA13}.Release|x86.ActiveCfg = Release|Any CPU
		{D0BFAEE3-A3A1-4E7B-9F2B-7275AF82EA13}.Release|x86.Build.0 = Release|Any CPU
		{D0BFAEE3-A3A1-4E7B-9F2B-7275AF82EA13}.ReleaseEn|Any CPU.ActiveCfg = Release|Any CPU
		{D0BFAEE3-A3A1-4E7B-9F2B-7275AF82EA13}.ReleaseEn|Any CPU.Build.0 = Release|Any CPU
		{D0BFAEE3-A3A1-4E7B-9F2B-7275AF82EA13}.ReleaseEn|x86.ActiveCfg = Release|Any CPU
		{D0BFAEE3-A3A1-4E7B-9F2B-7275AF82EA13}.ReleaseEn|x86.Build.0 = Release|Any CPU
		{3CA67403-5B85-489A-B7B4-81D682B23146}.Debug|Any CPU.ActiveCfg = Debug|Any CPU
		{3CA67403-5B85-489A-B7B4-81D682B23146}.Debug|Any CPU.Build.0 = Debug|Any CPU
		{3CA67403-5B85-489A-B7B4-81D682B23146}.Debug|x86.ActiveCfg = Debug|Any CPU
		{3CA67403-5B85-489A-B7B4-81D682B23146}.Debug|x86.Build.0 = Debug|Any CPU
		{3CA67403-5B85-489A-B7B4-81D682B23146}.Release|Any CPU.ActiveCfg = Release|Any CPU
		{3CA67403-5B85-489A-B7B4-81D682B23146}.Release|Any CPU.Build.0 = Release|Any CPU
		{3CA67403-5B85-489A-B7B4-81D682B23146}.Release|x86.ActiveCfg = Release|Any CPU
		{3CA67403-5B85-489A-B7B4-81D682B23146}.Release|x86.Build.0 = Release|Any CPU
		{3CA67403-5B85-489A-B7B4-81D682B23146}.ReleaseEn|Any CPU.ActiveCfg = Release|Any CPU
		{3CA67403-5B85-489A-B7B4-81D682B23146}.ReleaseEn|Any CPU.Build.0 = Release|Any CPU
		{3CA67403-5B85-489A-B7B4-81D682B23146}.ReleaseEn|x86.ActiveCfg = Release|Any CPU
		{3CA67403-5B85-489A-B7B4-81D682B23146}.ReleaseEn|x86.Build.0 = Release|Any CPU
		{494CFDD5-92FB-4A83-B4F7-C5B04D681726}.Debug|Any CPU.ActiveCfg = Debug|Any CPU
		{494CFDD5-92FB-4A83-B4F7-C5B04D681726}.Debug|Any CPU.Build.0 = Debug|Any CPU
		{494CFDD5-92FB-4A83-B4F7-C5B04D681726}.Debug|x86.ActiveCfg = Debug|x86
		{494CFDD5-92FB-4A83-B4F7-C5B04D681726}.Debug|x86.Build.0 = Debug|x86
		{494CFDD5-92FB-4A83-B4F7-C5B04D681726}.Release|Any CPU.ActiveCfg = Release|Any CPU
		{494CFDD5-92FB-4A83-B4F7-C5B04D681726}.Release|Any CPU.Build.0 = Release|Any CPU
		{494CFDD5-92FB-4A83-B4F7-C5B04D681726}.Release|x86.ActiveCfg = Release|x86
		{494CFDD5-92FB-4A83-B4F7-C5B04D681726}.Release|x86.Build.0 = Release|x86
		{494CFDD5-92FB-4A83-B4F7-C5B04D681726}.ReleaseEn|Any CPU.ActiveCfg = Release|Any CPU
		{494CFDD5-92FB-4A83-B4F7-C5B04D681726}.ReleaseEn|Any CPU.Build.0 = Release|Any CPU
		{494CFDD5-92FB-4A83-B4F7-C5B04D681726}.ReleaseEn|x86.ActiveCfg = Release|x86
		{494CFDD5-92FB-4A83-B4F7-C5B04D681726}.ReleaseEn|x86.Build.0 = Release|x86
		{D876BF85-C99B-4C16-A053-8877C84E7E02}.Debug|Any CPU.ActiveCfg = Debug|Any CPU
		{D876BF85-C99B-4C16-A053-8877C84E7E02}.Debug|Any CPU.Build.0 = Debug|Any CPU
		{D876BF85-C99B-4C16-A053-8877C84E7E02}.Debug|x86.ActiveCfg = Debug|Any CPU
		{D876BF85-C99B-4C16-A053-8877C84E7E02}.Debug|x86.Build.0 = Debug|Any CPU
		{D876BF85-C99B-4C16-A053-8877C84E7E02}.Release|Any CPU.ActiveCfg = Release|Any CPU
		{D876BF85-C99B-4C16-A053-8877C84E7E02}.Release|Any CPU.Build.0 = Release|Any CPU
		{D876BF85-C99B-4C16-A053-8877C84E7E02}.Release|x86.ActiveCfg = Release|Any CPU
		{D876BF85-C99B-4C16-A053-8877C84E7E02}.Release|x86.Build.0 = Release|Any CPU
		{D876BF85-C99B-4C16-A053-8877C84E7E02}.ReleaseEn|Any CPU.ActiveCfg = Release|Any CPU
		{D876BF85-C99B-4C16-A053-8877C84E7E02}.ReleaseEn|Any CPU.Build.0 = Release|Any CPU
		{D876BF85-C99B-4C16-A053-8877C84E7E02}.ReleaseEn|x86.ActiveCfg = Release|Any CPU
		{D876BF85-C99B-4C16-A053-8877C84E7E02}.ReleaseEn|x86.Build.0 = Release|Any CPU
		{1D0EF7CF-B70B-4544-A11B-EAE4F6DCFF7F}.Debug|Any CPU.ActiveCfg = Debug|Any CPU
		{1D0EF7CF-B70B-4544-A11B-EAE4F6DCFF7F}.Debug|Any CPU.Build.0 = Debug|Any CPU
		{1D0EF7CF-B70B-4544-A11B-EAE4F6DCFF7F}.Debug|x86.ActiveCfg = Debug|Any CPU
		{1D0EF7CF-B70B-4544-A11B-EAE4F6DCFF7F}.Debug|x86.Build.0 = Debug|Any CPU
		{1D0EF7CF-B70B-4544-A11B-EAE4F6DCFF7F}.Release|Any CPU.ActiveCfg = Release|Any CPU
		{1D0EF7CF-B70B-4544-A11B-EAE4F6DCFF7F}.Release|Any CPU.Build.0 = Release|Any CPU
		{1D0EF7CF-B70B-4544-A11B-EAE4F6DCFF7F}.Release|x86.ActiveCfg = Release|Any CPU
		{1D0EF7CF-B70B-4544-A11B-EAE4F6DCFF7F}.Release|x86.Build.0 = Release|Any CPU
		{1D0EF7CF-B70B-4544-A11B-EAE4F6DCFF7F}.ReleaseEn|Any CPU.ActiveCfg = Release|Any CPU
		{1D0EF7CF-B70B-4544-A11B-EAE4F6DCFF7F}.ReleaseEn|Any CPU.Build.0 = Release|Any CPU
		{1D0EF7CF-B70B-4544-A11B-EAE4F6DCFF7F}.ReleaseEn|x86.ActiveCfg = Release|Any CPU
		{1D0EF7CF-B70B-4544-A11B-EAE4F6DCFF7F}.ReleaseEn|x86.Build.0 = Release|Any CPU
		{41C04942-ADF1-42DF-82EF-AD7810721183}.Debug|Any CPU.ActiveCfg = Debug|Any CPU
		{41C04942-ADF1-42DF-82EF-AD7810721183}.Debug|Any CPU.Build.0 = Debug|Any CPU
		{41C04942-ADF1-42DF-82EF-AD7810721183}.Debug|x86.ActiveCfg = Debug|x86
		{41C04942-ADF1-42DF-82EF-AD7810721183}.Debug|x86.Build.0 = Debug|x86
		{41C04942-ADF1-42DF-82EF-AD7810721183}.Release|Any CPU.ActiveCfg = Release|Any CPU
		{41C04942-ADF1-42DF-82EF-AD7810721183}.Release|Any CPU.Build.0 = Release|Any CPU
		{41C04942-ADF1-42DF-82EF-AD7810721183}.Release|x86.ActiveCfg = Release|x86
		{41C04942-ADF1-42DF-82EF-AD7810721183}.Release|x86.Build.0 = Release|x86
		{41C04942-ADF1-42DF-82EF-AD7810721183}.ReleaseEn|Any CPU.ActiveCfg = Release|Any CPU
		{41C04942-ADF1-42DF-82EF-AD7810721183}.ReleaseEn|Any CPU.Build.0 = Release|Any CPU
		{41C04942-ADF1-42DF-82EF-AD7810721183}.ReleaseEn|x86.ActiveCfg = Release|x86
		{41C04942-ADF1-42DF-82EF-AD7810721183}.ReleaseEn|x86.Build.0 = Release|x86
		{E02ABCDA-33FB-4EE3-9E47-7C333AB5035B}.Debug|Any CPU.ActiveCfg = Debug|Any CPU
		{E02ABCDA-33FB-4EE3-9E47-7C333AB5035B}.Debug|Any CPU.Build.0 = Debug|Any CPU
		{E02ABCDA-33FB-4EE3-9E47-7C333AB5035B}.Debug|x86.ActiveCfg = Debug|Any CPU
		{E02ABCDA-33FB-4EE3-9E47-7C333AB5035B}.Debug|x86.Build.0 = Debug|Any CPU
		{E02ABCDA-33FB-4EE3-9E47-7C333AB5035B}.Release|Any CPU.ActiveCfg = Release|Any CPU
		{E02ABCDA-33FB-4EE3-9E47-7C333AB5035B}.Release|Any CPU.Build.0 = Release|Any CPU
		{E02ABCDA-33FB-4EE3-9E47-7C333AB5035B}.Release|x86.ActiveCfg = Release|Any CPU
		{E02ABCDA-33FB-4EE3-9E47-7C333AB5035B}.Release|x86.Build.0 = Release|Any CPU
		{E02ABCDA-33FB-4EE3-9E47-7C333AB5035B}.ReleaseEn|Any CPU.ActiveCfg = Release|Any CPU
		{E02ABCDA-33FB-4EE3-9E47-7C333AB5035B}.ReleaseEn|Any CPU.Build.0 = Release|Any CPU
		{E02ABCDA-33FB-4EE3-9E47-7C333AB5035B}.ReleaseEn|x86.ActiveCfg = Release|Any CPU
		{E02ABCDA-33FB-4EE3-9E47-7C333AB5035B}.ReleaseEn|x86.Build.0 = Release|Any CPU
		{A4135BB4-04BC-4EB7-8346-80E9FBEF0EB2}.Debug|Any CPU.ActiveCfg = Debug|Any CPU
		{A4135BB4-04BC-4EB7-8346-80E9FBEF0EB2}.Debug|Any CPU.Build.0 = Debug|Any CPU
		{A4135BB4-04BC-4EB7-8346-80E9FBEF0EB2}.Debug|x86.ActiveCfg = Debug|Any CPU
		{A4135BB4-04BC-4EB7-8346-80E9FBEF0EB2}.Debug|x86.Build.0 = Debug|Any CPU
		{A4135BB4-04BC-4EB7-8346-80E9FBEF0EB2}.Release|Any CPU.ActiveCfg = Release|Any CPU
		{A4135BB4-04BC-4EB7-8346-80E9FBEF0EB2}.Release|Any CPU.Build.0 = Release|Any CPU
		{A4135BB4-04BC-4EB7-8346-80E9FBEF0EB2}.Release|x86.ActiveCfg = Release|Any CPU
		{A4135BB4-04BC-4EB7-8346-80E9FBEF0EB2}.Release|x86.Build.0 = Release|Any CPU
		{A4135BB4-04BC-4EB7-8346-80E9FBEF0EB2}.ReleaseEn|Any CPU.ActiveCfg = Release|Any CPU
		{A4135BB4-04BC-4EB7-8346-80E9FBEF0EB2}.ReleaseEn|Any CPU.Build.0 = Release|Any CPU
		{A4135BB4-04BC-4EB7-8346-80E9FBEF0EB2}.ReleaseEn|x86.ActiveCfg = Release|Any CPU
		{A4135BB4-04BC-4EB7-8346-80E9FBEF0EB2}.ReleaseEn|x86.Build.0 = Release|Any CPU
		{6CA05C15-A7D4-4140-AA3B-46AD6DC58A4A}.Debug|Any CPU.ActiveCfg = Debug|Any CPU
		{6CA05C15-A7D4-4140-AA3B-46AD6DC58A4A}.Debug|Any CPU.Build.0 = Debug|Any CPU
		{6CA05C15-A7D4-4140-AA3B-46AD6DC58A4A}.Debug|x86.ActiveCfg = Debug|Any CPU
		{6CA05C15-A7D4-4140-AA3B-46AD6DC58A4A}.Debug|x86.Build.0 = Debug|Any CPU
		{6CA05C15-A7D4-4140-AA3B-46AD6DC58A4A}.Release|Any CPU.ActiveCfg = Release|Any CPU
		{6CA05C15-A7D4-4140-AA3B-46AD6DC58A4A}.Release|Any CPU.Build.0 = Release|Any CPU
		{6CA05C15-A7D4-4140-AA3B-46AD6DC58A4A}.Release|x86.ActiveCfg = Release|Any CPU
		{6CA05C15-A7D4-4140-AA3B-46AD6DC58A4A}.Release|x86.Build.0 = Release|Any CPU
		{6CA05C15-A7D4-4140-AA3B-46AD6DC58A4A}.ReleaseEn|Any CPU.ActiveCfg = Release|Any CPU
		{6CA05C15-A7D4-4140-AA3B-46AD6DC58A4A}.ReleaseEn|Any CPU.Build.0 = Release|Any CPU
		{6CA05C15-A7D4-4140-AA3B-46AD6DC58A4A}.ReleaseEn|x86.ActiveCfg = Release|Any CPU
		{6CA05C15-A7D4-4140-AA3B-46AD6DC58A4A}.ReleaseEn|x86.Build.0 = Release|Any CPU
		{DC73DB09-68AB-4114-ABA5-05CADA4536D6}.Debug|Any CPU.ActiveCfg = Debug|Any CPU
		{DC73DB09-68AB-4114-ABA5-05CADA4536D6}.Debug|Any CPU.Build.0 = Debug|Any CPU
		{DC73DB09-68AB-4114-ABA5-05CADA4536D6}.Debug|x86.ActiveCfg = Debug|Any CPU
		{DC73DB09-68AB-4114-ABA5-05CADA4536D6}.Debug|x86.Build.0 = Debug|Any CPU
		{DC73DB09-68AB-4114-ABA5-05CADA4536D6}.Release|Any CPU.ActiveCfg = Release|Any CPU
		{DC73DB09-68AB-4114-ABA5-05CADA4536D6}.Release|Any CPU.Build.0 = Release|Any CPU
		{DC73DB09-68AB-4114-ABA5-05CADA4536D6}.Release|x86.ActiveCfg = Release|Any CPU
		{DC73DB09-68AB-4114-ABA5-05CADA4536D6}.Release|x86.Build.0 = Release|Any CPU
		{DC73DB09-68AB-4114-ABA5-05CADA4536D6}.ReleaseEn|Any CPU.ActiveCfg = Release|Any CPU
		{DC73DB09-68AB-4114-ABA5-05CADA4536D6}.ReleaseEn|Any CPU.Build.0 = Release|Any CPU
		{DC73DB09-68AB-4114-ABA5-05CADA4536D6}.ReleaseEn|x86.ActiveCfg = Release|Any CPU
		{DC73DB09-68AB-4114-ABA5-05CADA4536D6}.ReleaseEn|x86.Build.0 = Release|Any CPU
	EndGlobalSection
	GlobalSection(SolutionProperties) = preSolution
		HideSolutionNode = FALSE
	EndGlobalSection
EndGlobal
